// !$*UTF8*$!
{
	archiveVersion = 1;
	classes = {
	};
	objectVersion = 46;
	objects = {

/* Begin PBXBuildFile section */
		3919B97D1E49A73A00909D91 /* main.m in Sources */ = {isa = PBXBuildFile; fileRef = 3919B97C1E49A73A00909D91 /* main.m */; };
		3919B9801E49A73A00909D91 /* AppDelegate.m in Sources */ = {isa = PBXBuildFile; fileRef = 3919B97F1E49A73A00909D91 /* AppDelegate.m */; };
		3919B9831E49A73A00909D91 /* ViewController.m in Sources */ = {isa = PBXBuildFile; fileRef = 3919B9821E49A73A00909D91 /* ViewController.m */; };
		3919B9861E49A73A00909D91 /* Main.storyboard in Resources */ = {isa = PBXBuildFile; fileRef = 3919B9841E49A73A00909D91 /* Main.storyboard */; };
		3919B9881E49A73A00909D91 /* Assets.xcassets in Resources */ = {isa = PBXBuildFile; fileRef = 3919B9871E49A73A00909D91 /* Assets.xcassets */; };
		3919B98B1E49A73A00909D91 /* LaunchScreen.storyboard in Resources */ = {isa = PBXBuildFile; fileRef = 3919B9891E49A73A00909D91 /* LaunchScreen.storyboard */; };
		3919B9961E49A73A00909D91 /* Test1Tests.m in Sources */ = {isa = PBXBuildFile; fileRef = 3919B9951E49A73A00909D91 /* Test1Tests.m */; };
		3919B9A11E49A73A00909D91 /* Test1UITests.m in Sources */ = {isa = PBXBuildFile; fileRef = 3919B9A01E49A73A00909D91 /* Test1UITests.m */; };
		3919B9B01E49A84400909D91 /* women.m in Sources */ = {isa = PBXBuildFile; fileRef = 3919B9AF1E49A84400909D91 /* women.m */; };
/* End PBXBuildFile section */

/* Begin PBXContainerItemProxy section */
		3919B9921E49A73A00909D91 /* PBXContainerItemProxy */ = {
			isa = PBXContainerItemProxy;
			containerPortal = 3919B9701E49A73A00909D91 /* Project object */;
			proxyType = 1;
			remoteGlobalIDString = 3919B9771E49A73A00909D91;
			remoteInfo = Test1;
		};
		3919B99D1E49A73A00909D91 /* PBXContainerItemProxy */ = {
			isa = PBXContainerItemProxy;
			containerPortal = 3919B9701E49A73A00909D91 /* Project object */;
			proxyType = 1;
			remoteGlobalIDString = 3919B9771E49A73A00909D91;
			remoteInfo = Test1;
		};
/* End PBXContainerItemProxy section */

/* Begin PBXFileReference section */
		3919B9781E49A73A00909D91 /* Test1.app */ = {isa = PBXFileReference; explicitFileType = wrapper.application; includeInIndex = 0; path = Test1.app; sourceTree = BUILT_PRODUCTS_DIR; };
		3919B97C1E49A73A00909D91 /* main.m */ = {isa = PBXFileReference; lastKnownFileType = sourcecode.c.objc; path = main.m; sourceTree = "<group>"; };
		3919B97E1E49A73A00909D91 /* AppDelegate.h */ = {isa = PBXFileReference; lastKnownFileType = sourcecode.c.h; path = AppDelegate.h; sourceTree = "<group>"; };
		3919B97F1E49A73A00909D91 /* AppDelegate.m */ = {isa = PBXFileReference; lastKnownFileType = sourcecode.c.objc; path = AppDelegate.m; sourceTree = "<group>"; };
		3919B9811E49A73A00909D91 /* ViewController.h */ = {isa = PBXFileReference; lastKnownFileType = sourcecode.c.h; path = ViewController.h; sourceTree = "<group>"; };
		3919B9821E49A73A00909D91 /* ViewController.m */ = {isa = PBXFileReference; lastKnownFileType = sourcecode.c.objc; path = ViewController.m; sourceTree = "<group>"; };
		3919B9851E49A73A00909D91 /* Base */ = {isa = PBXFileReference; lastKnownFileType = file.storyboard; name = Base; path = Base.lproj/Main.storyboard; sourceTree = "<group>"; };
		3919B9871E49A73A00909D91 /* Assets.xcassets */ = {isa = PBXFileReference; lastKnownFileType = folder.assetcatalog; path = Assets.xcassets; sourceTree = "<group>"; };
		3919B98A1E49A73A00909D91 /* Base */ = {isa = PBXFileReference; lastKnownFileType = file.storyboard; name = Base; path = Base.lproj/LaunchScreen.storyboard; sourceTree = "<group>"; };
		3919B98C1E49A73A00909D91 /* Info.plist */ = {isa = PBXFileReference; lastKnownFileType = text.plist.xml; path = Info.plist; sourceTree = "<group>"; };
		3919B9911E49A73A00909D91 /* Test1Tests.xctest */ = {isa = PBXFileReference; explicitFileType = wrapper.cfbundle; includeInIndex = 0; path = Test1Tests.xctest; sourceTree = BUILT_PRODUCTS_DIR; };
		3919B9951E49A73A00909D91 /* Test1Tests.m */ = {isa = PBXFileReference; lastKnownFileType = sourcecode.c.objc; path = Test1Tests.m; sourceTree = "<group>"; };
		3919B9971E49A73A00909D91 /* Info.plist */ = {isa = PBXFileReference; lastKnownFileType = text.plist.xml; path = Info.plist; sourceTree = "<group>"; };
		3919B99C1E49A73A00909D91 /* Test1UITests.xctest */ = {isa = PBXFileReference; explicitFileType = wrapper.cfbundle; includeInIndex = 0; path = Test1UITests.xctest; sourceTree = BUILT_PRODUCTS_DIR; };
		3919B9A01E49A73A00909D91 /* Test1UITests.m */ = {isa = PBXFileReference; lastKnownFileType = sourcecode.c.objc; path = Test1UITests.m; sourceTree = "<group>"; };
		3919B9A21E49A73A00909D91 /* Info.plist */ = {isa = PBXFileReference; lastKnownFileType = text.plist.xml; path = Info.plist; sourceTree = "<group>"; };
		3919B9AE1E49A84400909D91 /* women.h */ = {isa = PBXFileReference; fileEncoding = 4; lastKnownFileType = sourcecode.c.h; path = women.h; sourceTree = "<group>"; };
		3919B9AF1E49A84400909D91 /* women.m */ = {isa = PBXFileReference; fileEncoding = 4; lastKnownFileType = sourcecode.c.objc; path = women.m; sourceTree = "<group>"; };
/* End PBXFileReference section */

/* Begin PBXFrameworksBuildPhase section */
		3919B9751E49A73A00909D91 /* Frameworks */ = {
			isa = PBXFrameworksBuildPhase;
			buildActionMask = 2147483647;
			files = (
			);
			runOnlyForDeploymentPostprocessing = 0;
		};
		3919B98E1E49A73A00909D91 /* Frameworks */ = {
			isa = PBXFrameworksBuildPhase;
			buildActionMask = 2147483647;
			files = (
			);
			runOnlyForDeploymentPostprocessing = 0;
		};
		3919B9991E49A73A00909D91 /* Frameworks */ = {
			isa = PBXFrameworksBuildPhase;
			buildActionMask = 2147483647;
			files = (
			);
			runOnlyForDeploymentPostprocessing = 0;
		};
/* End PBXFrameworksBuildPhase section */

/* Begin PBXGroup section */
		3919B96F1E49A73A00909D91 = {
			isa = PBXGroup;
			children = (
				3919B97A1E49A73A00909D91 /* Test1 */,
				3919B9941E49A73A00909D91 /* Test1Tests */,
				3919B99F1E49A73A00909D91 /* Test1UITests */,
				3919B9791E49A73A00909D91 /* Products */,
			);
			sourceTree = "<group>";
		};
		3919B9791E49A73A00909D91 /* Products */ = {
			isa = PBXGroup;
			children = (
				3919B9781E49A73A00909D91 /* Test1.app */,
				3919B9911E49A73A00909D91 /* Test1Tests.xctest */,
				3919B99C1E49A73A00909D91 /* Test1UITests.xctest */,
			);
			name = Products;
			sourceTree = "<group>";
		};
		3919B97A1E49A73A00909D91 /* Test1 */ = {
			isa = PBXGroup;
			children = (
				3919B97E1E49A73A00909D91 /* AppDelegate.h */,
				3919B97F1E49A73A00909D91 /* AppDelegate.m */,
				3919B9811E49A73A00909D91 /* ViewController.h */,
				3919B9821E49A73A00909D91 /* ViewController.m */,
				3919B9AE1E49A84400909D91 /* women.h */,
				3919B9AF1E49A84400909D91 /* women.m */,
				3919B9841E49A73A00909D91 /* Main.storyboard */,
				3919B9871E49A73A00909D91 /* Assets.xcassets */,
				3919B9891E49A73A00909D91 /* LaunchScreen.storyboard */,
				3919B98C1E49A73A00909D91 /* Info.plist */,
				3919B97B1E49A73A00909D91 /* Supporting Files */,
			);
			path = Test1;
			sourceTree = "<group>";
		};
		3919B97B1E49A73A00909D91 /* Supporting Files */ = {
			isa = PBXGroup;
			children = (
				3919B97C1E49A73A00909D91 /* main.m */,
			);
			name = "Supporting Files";
			sourceTree = "<group>";
		};
		3919B9941E49A73A00909D91 /* Test1Tests */ = {
			isa = PBXGroup;
			children = (
				3919B9951E49A73A00909D91 /* Test1Tests.m */,
				3919B9971E49A73A00909D91 /* Info.plist */,
			);
			path = Test1Tests;
			sourceTree = "<group>";
		};
		3919B99F1E49A73A00909D91 /* Test1UITests */ = {
			isa = PBXGroup;
			children = (
				3919B9A01E49A73A00909D91 /* Test1UITests.m */,
				3919B9A21E49A73A00909D91 /* Info.plist */,
			);
			path = Test1UITests;
			sourceTree = "<group>";
		};
/* End PBXGroup section */

/* Begin PBXNativeTarget section */
		3919B9771E49A73A00909D91 /* Test1 */ = {
			isa = PBXNativeTarget;
			buildConfigurationList = 3919B9A51E49A73A00909D91 /* Build configuration list for PBXNativeTarget "Test1" */;
			buildPhases = (
				3919B9741E49A73A00909D91 /* Sources */,
				3919B9751E49A73A00909D91 /* Frameworks */,
				3919B9761E49A73A00909D91 /* Resources */,
			);
			buildRules = (
			);
			dependencies = (
			);
			name = Test1;
			productName = Test1;
			productReference = 3919B9781E49A73A00909D91 /* Test1.app */;
			productType = "com.apple.product-type.application";
		};
		3919B9901E49A73A00909D91 /* Test1Tests */ = {
			isa = PBXNativeTarget;
			buildConfigurationList = 3919B9A81E49A73A00909D91 /* Build configuration list for PBXNativeTarget "Test1Tests" */;
			buildPhases = (
				3919B98D1E49A73A00909D91 /* Sources */,
				3919B98E1E49A73A00909D91 /* Frameworks */,
				3919B98F1E49A73A00909D91 /* Resources */,
			);
			buildRules = (
			);
			dependencies = (
				3919B9931E49A73A00909D91 /* PBXTargetDependency */,
			);
			name = Test1Tests;
			productName = Test1Tests;
			productReference = 3919B9911E49A73A00909D91 /* Test1Tests.xctest */;
			productType = "com.apple.product-type.bundle.unit-test";
		};
		3919B99B1E49A73A00909D91 /* Test1UITests */ = {
			isa = PBXNativeTarget;
			buildConfigurationList = 3919B9AB1E49A73A00909D91 /* Build configuration list for PBXNativeTarget "Test1UITests" */;
			buildPhases = (
				3919B9981E49A73A00909D91 /* Sources */,
				3919B9991E49A73A00909D91 /* Frameworks */,
				3919B99A1E49A73A00909D91 /* Resources */,
			);
			buildRules = (
			);
			dependencies = (
				3919B99E1E49A73A00909D91 /* PBXTargetDependency */,
			);
			name = Test1UITests;
			productName = Test1UITests;
			productReference = 3919B99C1E49A73A00909D91 /* Test1UITests.xctest */;
			productType = "com.apple.product-type.bundle.ui-testing";
		};
/* End PBXNativeTarget section */

/* Begin PBXProject section */
		3919B9701E49A73A00909D91 /* Project object */ = {
			isa = PBXProject;
			attributes = {
				LastUpgradeCheck = 0820;
				ORGANIZATIONNAME = junhaoshen;
				TargetAttributes = {
					3919B9771E49A73A00909D91 = {
						CreatedOnToolsVersion = 8.2.1;
						ProvisioningStyle = Automatic;
					};
					3919B9901E49A73A00909D91 = {
						CreatedOnToolsVersion = 8.2.1;
						ProvisioningStyle = Automatic;
						TestTargetID = 3919B9771E49A73A00909D91;
					};
					3919B99B1E49A73A00909D91 = {
						CreatedOnToolsVersion = 8.2.1;
						ProvisioningStyle = Automatic;
						TestTargetID = 3919B9771E49A73A00909D91;
					};
				};
			};
			buildConfigurationList = 3919B9731E49A73A00909D91 /* Build configuration list for PBXProject "Test1" */;
			compatibilityVersion = "Xcode 3.2";
			developmentRegion = English;
			hasScannedForEncodings = 0;
			knownRegions = (
				en,
				Base,
			);
			mainGroup = 3919B96F1E49A73A00909D91;
			productRefGroup = 3919B9791E49A73A00909D91 /* Products */;
			projectDirPath = "";
			projectRoot = "";
			targets = (
				3919B9771E49A73A00909D91 /* Test1 */,
				3919B9901E49A73A00909D91 /* Test1Tests */,
				3919B99B1E49A73A00909D91 /* Test1UITests */,
			);
		};
/* End PBXProject section */

/* Begin PBXResourcesBuildPhase section */
		3919B9761E49A73A00909D91 /* Resources */ = {
			isa = PBXResourcesBuildPhase;
			buildActionMask = 2147483647;
			files = (
				3919B98B1E49A73A00909D91 /* LaunchScreen.storyboard in Resources */,
				3919B9881E49A73A00909D91 /* Assets.xcassets in Resources */,
				3919B9861E49A73A00909D91 /* Main.storyboard in Resources */,
			);
			runOnlyForDeploymentPostprocessing = 0;
		};
		3919B98F1E49A73A00909D91 /* Resources */ = {
			isa = PBXResourcesBuildPhase;
			buildActionMask = 2147483647;
			files = (
			);
			runOnlyForDeploymentPostprocessing = 0;
		};
		3919B99A1E49A73A00909D91 /* Resources */ = {
			isa = PBXResourcesBuildPhase;
			buildActionMask = 2147483647;
			files = (
			);
			runOnlyForDeploymentPostprocessing = 0;
		};
/* End PBXResourcesBuildPhase section */

/* Begin PBXSourcesBuildPhase section */
		3919B9741E49A73A00909D91 /* Sources */ = {
			isa = PBXSourcesBuildPhase;
			buildActionMask = 2147483647;
			files = (
				3919B9B01E49A84400909D91 /* women.m in Sources */,
				3919B9831E49A73A00909D91 /* ViewController.m in Sources */,
				3919B9801E49A73A00909D91 /* AppDelegate.m in Sources */,
				3919B97D1E49A73A00909D91 /* main.m in Sources */,
			);
			runOnlyForDeploymentPostprocessing = 0;
		};
		3919B98D1E49A73A00909D91 /* Sources */ = {
			isa = PBXSourcesBuildPhase;
			buildActionMask = 2147483647;
			files = (
				3919B9961E49A73A00909D91 /* Test1Tests.m in Sources */,
			);
			runOnlyForDeploymentPostprocessing = 0;
		};
		3919B9981E49A73A00909D91 /* Sources */ = {
			isa = PBXSourcesBuildPhase;
			buildActionMask = 2147483647;
			files = (
				3919B9A11E49A73A00909D91 /* Test1UITests.m in Sources */,
			);
			runOnlyForDeploymentPostprocessing = 0;
		};
/* End PBXSourcesBuildPhase section */

/* Begin PBXTargetDependency section */
		3919B9931E49A73A00909D91 /* PBXTargetDependency */ = {
			isa = PBXTargetDependency;
			target = 3919B9771E49A73A00909D91 /* Test1 */;
			targetProxy = 3919B9921E49A73A00909D91 /* PBXContainerItemProxy */;
		};
		3919B99E1E49A73A00909D91 /* PBXTargetDependency */ = {
			isa = PBXTargetDependency;
			target = 3919B9771E49A73A00909D91 /* Test1 */;
			targetProxy = 3919B99D1E49A73A00909D91 /* PBXContainerItemProxy */;
		};
/* End PBXTargetDependency section */

/* Begin PBXVariantGroup section */
		3919B9841E49A73A00909D91 /* Main.storyboard */ = {
			isa = PBXVariantGroup;
			children = (
				3919B9851E49A73A00909D91 /* Base */,
			);
			name = Main.storyboard;
			sourceTree = "<group>";
		};
		3919B9891E49A73A00909D91 /* LaunchScreen.storyboard */ = {
			isa = PBXVariantGroup;
			children = (
				3919B98A1E49A73A00909D91 /* Base */,
			);
			name = LaunchScreen.storyboard;
			sourceTree = "<group>";
		};
/* End PBXVariantGroup section */

/* Begin XCBuildConfiguration section */
		3919B9A31E49A73A00909D91 /* Debug */ = {
			isa = XCBuildConfiguration;
			buildSettings = {
				ALWAYS_SEARCH_USER_PATHS = NO;
				CLANG_ANALYZER_NONNULL = YES;
				CLANG_CXX_LANGUAGE_STANDARD = "gnu++0x";
				CLANG_CXX_LIBRARY = "libc++";
				CLANG_ENABLE_MODULES = YES;
				CLANG_ENABLE_OBJC_ARC = YES;
				CLANG_WARN_BOOL_CONVERSION = YES;
				CLANG_WARN_CONSTANT_CONVERSION = YES;
				CLANG_WARN_DIRECT_OBJC_ISA_USAGE = YES_ERROR;
				CLANG_WARN_DOCUMENTATION_COMMENTS = YES;
				CLANG_WARN_EMPTY_BODY = YES;
				CLANG_WARN_ENUM_CONVERSION = YES;
				CLANG_WARN_INFINITE_RECURSION = YES;
				CLANG_WARN_INT_CONVERSION = YES;
				CLANG_WARN_OBJC_ROOT_CLASS = YES_ERROR;
				CLANG_WARN_SUSPICIOUS_MOVE = YES;
				CLANG_WARN_UNREACHABLE_CODE = YES;
				CLANG_WARN__DUPLICATE_METHOD_MATCH = YES;
				"CODE_SIGN_IDENTITY[sdk=iphoneos*]" = "iPhone Developer";
				COPY_PHASE_STRIP = NO;
				DEBUG_INFORMATION_FORMAT = dwarf;
				ENABLE_STRICT_OBJC_MSGSEND = YES;
				ENABLE_TESTABILITY = YES;
				GCC_C_LANGUAGE_STANDARD = gnu99;
				GCC_DYNAMIC_NO_PIC = NO;
				GCC_NO_COMMON_BLOCKS = YES;
				GCC_OPTIMIZATION_LEVEL = 0;
				GCC_PREPROCESSOR_DEFINITIONS = (
					"DEBUG=1",
					"$(inherited)",
				);
				GCC_WARN_64_TO_32_BIT_CONVERSION = YES;
				GCC_WARN_ABOUT_RETURN_TYPE = YES_ERROR;
				GCC_WARN_UNDECLARED_SELECTOR = YES;
				GCC_WARN_UNINITIALIZED_AUTOS = YES_AGGRESSIVE;
				GCC_WARN_UNUSED_FUNCTION = YES;
				GCC_WARN_UNUSED_VARIABLE = YES;
				IPHONEOS_DEPLOYMENT_TARGET = 10.2;
				MTL_ENABLE_DEBUG_INFO = YES;
				ONLY_ACTIVE_ARCH = YES;
				SDKROOT = iphoneos;
			};
			name = Debug;
		};
		3919B9A41E49A73A00909D91 /* Release */ = {
			isa = XCBuildConfiguration;
			buildSettings = {
				ALWAYS_SEARCH_USER_PATHS = NO;
				CLANG_ANALYZER_NONNULL = YES;
				CLANG_CXX_LANGUAGE_STANDARD = "gnu++0x";
				CLANG_CXX_LIBRARY = "libc++";
				CLANG_ENABLE_MODULES = YES;
				CLANG_ENABLE_OBJC_ARC = YES;
				CLANG_WARN_BOOL_CONVERSION = YES;
				CLANG_WARN_CONSTANT_CONVERSION = YES;
				CLANG_WARN_DIRECT_OBJC_ISA_USAGE = YES_ERROR;
				CLANG_WARN_DOCUMENTATION_COMMENTS = YES;
				CLANG_WARN_EMPTY_BODY = YES;
				CLANG_WARN_ENUM_CONVERSION = YES;
				CLANG_WARN_INFINITE_RECURSION = YES;
				CLANG_WARN_INT_CONVERSION = YES;
				CLANG_WARN_OBJC_ROOT_CLASS = YES_ERROR;
				CLANG_WARN_SUSPICIOUS_MOVE = YES;
				CLANG_WARN_UNREACHABLE_CODE = YES;
				CLANG_WARN__DUPLICATE_METHOD_MATCH = YES;
				"CODE_SIGN_IDENTITY[sdk=iphoneos*]" = "iPhone Developer";
				COPY_PHASE_STRIP = NO;
				DEBUG_INFORMATION_FORMAT = "dwarf-with-dsym";
				ENABLE_NS_ASSERTIONS = NO;
				ENABLE_STRICT_OBJC_MSGSEND = YES;
				GCC_C_LANGUAGE_STANDARD = gnu99;
				GCC_NO_COMMON_BLOCKS = YES;
				GCC_WARN_64_TO_32_BIT_CONVERSION = YES;
				GCC_WARN_ABOUT_RETURN_TYPE = YES_ERROR;
				GCC_WARN_UNDECLARED_SELECTOR = YES;
				GCC_WARN_UNINITIALIZED_AUTOS = YES_AGGRESSIVE;
				GCC_WARN_UNUSED_FUNCTION = YES;
				GCC_WARN_UNUSED_VARIABLE = YES;
				IPHONEOS_DEPLOYMENT_TARGET = 10.2;
				MTL_ENABLE_DEBUG_INFO = NO;
				SDKROOT = iphoneos;
				VALIDATE_PRODUCT = YES;
			};
			name = Release;
		};
		3919B9A61E49A73A00909D91 /* Debug */ = {
			isa = XCBuildConfiguration;
			buildSettings = {
				ASSETCATALOG_COMPILER_APPICON_NAME = AppIcon;
				INFOPLIST_FILE = Test1/Info.plist;
				LD_RUNPATH_SEARCH_PATHS = "$(inherited) @executable_path/Frameworks";
				PRODUCT_BUNDLE_IDENTIFIER = com.yinmimoney.Test1;
				PRODUCT_NAME = "$(TARGET_NAME)";
			};
			name = Debug;
		};
		3919B9A71E49A73A00909D91 /* Release */ = {
			isa = XCBuildConfiguration;
			buildSettings = {
				ASSETCATALOG_COMPILER_APPICON_NAME = AppIcon;
				INFOPLIST_FILE = Test1/Info.plist;
				LD_RUNPATH_SEARCH_PATHS = "$(inherited) @executable_path/Frameworks";
				PRODUCT_BUNDLE_IDENTIFIER = com.yinmimoney.Test1;
				PRODUCT_NAME = "$(TARGET_NAME)";
			};
			name = Release;
		};
		3919B9A91E49A73A00909D91 /* Debug */ = {
			isa = XCBuildConfiguration;
			buildSettings = {
				BUNDLE_LOADER = "$(TEST_HOST)";
				INFOPLIST_FILE = Test1Tests/Info.plist;
				LD_RUNPATH_SEARCH_PATHS = "$(inherited) @executable_path/Frameworks @loader_path/Frameworks";
				PRODUCT_BUNDLE_IDENTIFIER = com.yinmimoney.Test1Tests;
				PRODUCT_NAME = "$(TARGET_NAME)";
				TEST_HOST = "$(BUILT_PRODUCTS_DIR)/Test1.app/Test1";
			};
			name = Debug;
		};
		3919B9AA1E49A73A00909D91 /* Release */ = {
			isa = XCBuildConfiguration;
			buildSettings = {
				BUNDLE_LOADER = "$(TEST_HOST)";
				INFOPLIST_FILE = Test1Tests/Info.plist;
				LD_RUNPATH_SEARCH_PATHS = "$(inherited) @executable_path/Frameworks @loader_path/Frameworks";
				PRODUCT_BUNDLE_IDENTIFIER = com.yinmimoney.Test1Tests;
				PRODUCT_NAME = "$(TARGET_NAME)";
				TEST_HOST = "$(BUILT_PRODUCTS_DIR)/Test1.app/Test1";
			};
			name = Release;
		};
		3919B9AC1E49A73A00909D91 /* Debug */ = {
			isa = XCBuildConfiguration;
			buildSettings = {
				INFOPLIST_FILE = Test1UITests/Info.plist;
				LD_RUNPATH_SEARCH_PATHS = "$(inherited) @executable_path/Frameworks @loader_path/Frameworks";
				PRODUCT_BUNDLE_IDENTIFIER = com.yinmimoney.Test1UITests;
				PRODUCT_NAME = "$(TARGET_NAME)";
				TEST_TARGET_NAME = Test1;
			};
			name = Debug;
		};
		3919B9AD1E49A73A00909D91 /* Release */ = {
			isa = XCBuildConfiguration;
			buildSettings = {
				INFOPLIST_FILE = Test1UITests/Info.plist;
				LD_RUNPATH_SEARCH_PATHS = "$(inherited) @executable_path/Frameworks @loader_path/Frameworks";
				PRODUCT_BUNDLE_IDENTIFIER = com.yinmimoney.Test1UITests;
				PRODUCT_NAME = "$(TARGET_NAME)";
				TEST_TARGET_NAME = Test1;
			};
			name = Release;
		};
/* End XCBuildConfiguration section */

/* Begin XCConfigurationList section */
		3919B9731E49A73A00909D91 /* Build configuration list for PBXProject "Test1" */ = {
			isa = XCConfigurationList;
			buildConfigurations = (
				3919B9A31E49A73A00909D91 /* Debug */,
				3919B9A41E49A73A00909D91 /* Release */,
			);
			defaultConfigurationIsVisible = 0;
			defaultConfigurationName = Release;
		};
		3919B9A51E49A73A00909D91 /* Build configuration list for PBXNativeTarget "Test1" */ = {
			isa = XCConfigurationList;
			buildConfigurations = (
				3919B9A61E49A73A00909D91 /* Debug */,
				3919B9A71E49A73A00909D91 /* Release */,
			);
			defaultConfigurationIsVisible = 0;
		};
		3919B9A81E49A73A00909D91 /* Build configuration list for PBXNativeTarget "Test1Tests" */ = {
			isa = XCConfigurationList;
			buildConfigurations = (
				3919B9A91E49A73A00909D91 /* Debug */,
				3919B9AA1E49A73A00909D91 /* Release */,
			);
			defaultConfigurationIsVisible = 0;
		};
		3919B9AB1E49A73A00909D91 /* Build configuration list for PBXNativeTarget "Test1UITests" */ = {
			isa = XCConfigurationList;
			buildConfigurations = (
				3919B9AC1E49A73A00909D91 /* Debug */,
				3919B9AD1E49A73A00909D91 /* Release */,
			);
			defaultConfigurationIsVisible = 0;
		};
/* End XCConfigurationList section */
	};
	rootObject = 3919B9701E49A73A00909D91 /* Project object */;
}
